{
  "requires": true,
  "lockfileVersion": 1,
  "dependencies": {
    "copy-to-clipboard": {
      "version": "3.3.1",
      "resolved": "https://registry.npmjs.org/copy-to-clipboard/-/copy-to-clipboard-3.3.1.tgz",
      "integrity": "sha512-i13qo6kIHTTpCm8/Wup+0b1mVWETvu2kIMzKoK8FpkLkFxlt0znUAHcMzox+T8sPlqtZXq3CulEjQHsYiGFJUw==",
      "requires": {
        "toggle-selection": "^1.0.6"
      }
    },
    "json-to-markdown": {
      "version": "1.0.4",
      "resolved": "https://registry.npmjs.org/json-to-markdown/-/json-to-markdown-1.0.4.tgz",
      "integrity": "sha512-SIdPetj/im6XPlII9M3jJVDqF/RRGk2GKnj52/g8mY99S8A3ENEEOUhPDL+hhtCJpuodjWDuzXe69m0AffwUlg==",
      "requires": {
        "lodash": "^4.16.4"
      }
    },
    "lodash": {
      "version": "4.17.21",
      "resolved": "https://registry.npmjs.org/lodash/-/lodash-4.17.21.tgz",
      "integrity": "sha512-v2kDEe57lecTulaDIuNTPy3Ry4gLGJ6Z1O3vE1krgXZNrsQ+LFTGHVxVjcXPs17LhbZVGedAJv8XZ1tvj5FvSg=="
    },
    "toggle-selection": {
      "version": "1.0.6",
      "resolved": "https://registry.npmjs.org/toggle-selection/-/toggle-selection-1.0.6.tgz",
      "integrity": "sha1-bkWxJj8gF/oKzH2J14sVuL932jI="
    }
  }
}
